
Microsoft Visual Studio Solution File, Format Version 12.00
# Visual Studio Version 16
VisualStudioVersion = 16.0.30611.23
MinimumVisualStudioVersion = 10.0.40219.1
Project("{FAE04EC0-301F-11D3-BF4B-00C04F79EFBC}") = "HtmlStrip", "HtmlStrip\HtmlStrip.csproj", "{58C1D684-C6FF-4FFC-B42E-A5FF307F3C96}"
EndProject
Global
	GlobalSection(SolutionConfigurationPlatforms) = preSolution
		Debug|Any CPU = Debug|Any CPU
		Release|Any CPU = Release|Any CPU
	EndGlobalSection
	GlobalSection(ProjectConfigurationPlatforms) = postSolution
		{58C1D684-C6FF-4FFC-B42E-A5FF307F3C96}.Debug|Any CPU.ActiveCfg = Debug|Any CPU
		{58C1D684-C6FF-4FFC-B42E-A5FF307F3C96}.Debug|Any CPU.Build.0 = Debug|Any CPU
		{58C1D684-C6FF-4FFC-B42E-A5FF307F3C96}.Release|Any CPU.ActiveCfg = Release|Any CPU
		{58C1D684-C6FF-4FFC-B42E-A5FF307F3C96}.Release|Any CPU.Build.0 = Release|Any CPU
	EndGlobalSection
	GlobalSection(SolutionProperties) = preSolution
		HideSolutionNode = FALSE
	EndGlobalSection
	GlobalSection(ExtensibilityGlobals) = postSolution
		SolutionGuid = {4D508E12-9692-458F-8C05-47E87A4917B4}
	EndGlobalSection
EndGlobal
